
Microsoft Visual Studio Solution File, Format Version 12.00
# Visual Studio Version 16
VisualStudioVersion = 16.0.28803.156
MinimumVisualStudioVersion = 10.0.40219.1
Project("{9A19103F-16F7-4668-BE54-9A1E7A4F7556}") = "MusicNoteHelper", "MusicNoteHelper\MusicNoteHelper.csproj", "{EF0B3456-5FDC-443C-A675-8409192A7745}"
EndProject
Project("{9A19103F-16F7-4668-BE54-9A1E7A4F7556}") = "Tests", "Tests\Tests.csproj", "{10EA7018-4CE8-4941-A009-50F2B900BA74}"
EndProject
Project("{9A19103F-16F7-4668-BE54-9A1E7A4F7556}") = "CommandLineClient", "CommandLineClient\CommandLineClient.csproj", "{EADB0E7A-FDC2-4595-B642-8C669C42B283}"
EndProject
Project("{FAE04EC0-301F-11D3-BF4B-00C04F79EFBC}") = "MobileClient.Android", "MobileClient\MobileClient.Android\MobileClient.Android.csproj", "{4E10D541-85F8-40E6-B9FC-97A2BCE0DC27}"
EndProject
Project("{FAE04EC0-301F-11D3-BF4B-00C04F79EFBC}") = "MobileClient.iOS", "MobileClient\MobileClient.iOS\MobileClient.iOS.csproj", "{9C8EB00C-72D2-412D-BF92-E4693E47A51C}"
EndProject
Project("{FAE04EC0-301F-11D3-BF4B-00C04F79EFBC}") = "MobileClient", "MobileClient\MobileClient\MobileClient.csproj", "{D1B5DA26-5236-4938-9396-9D8AC6DE5DA1}"
EndProject
Global
	GlobalSection(SolutionConfigurationPlatforms) = preSolution
		Debug|Any CPU = Debug|Any CPU
		Debug|iPhone = Debug|iPhone
		Debug|iPhoneSimulator = Debug|iPhoneSimulator
		Release|Any CPU = Release|Any CPU
		Release|iPhone = Release|iPhone
		Release|iPhoneSimulator = Release|iPhoneSimulator
	EndGlobalSection
	GlobalSection(ProjectConfigurationPlatforms) = postSolution
		{EF0B3456-5FDC-443C-A675-8409192A7745}.Debug|Any CPU.ActiveCfg = Debug|Any CPU
		{EF0B3456-5FDC-443C-A675-8409192A7745}.Debug|Any CPU.Build.0 = Debug|Any CPU
		{EF0B3456-5FDC-443C-A675-8409192A7745}.Debug|iPhone.ActiveCfg = Debug|Any CPU
		{EF0B3456-5FDC-443C-A675-8409192A7745}.Debug|iPhone.Build.0 = Debug|Any CPU
		{EF0B3456-5FDC-443C-A675-8409192A7745}.Debug|iPhoneSimulator.ActiveCfg = Debug|Any CPU
		{EF0B3456-5FDC-443C-A675-8409192A7745}.Debug|iPhoneSimulator.Build.0 = Debug|Any CPU
		{EF0B3456-5FDC-443C-A675-8409192A7745}.Release|Any CPU.ActiveCfg = Release|Any CPU
		{EF0B3456-5FDC-443C-A675-8409192A7745}.Release|Any CPU.Build.0 = Release|Any CPU
		{EF0B3456-5FDC-443C-A675-8409192A7745}.Release|iPhone.ActiveCfg = Release|Any CPU
		{EF0B3456-5FDC-443C-A675-8409192A7745}.Release|iPhone.Build.0 = Release|Any CPU
		{EF0B3456-5FDC-443C-A675-8409192A7745}.Release|iPhoneSimulator.ActiveCfg = Release|Any CPU
		{EF0B3456-5FDC-443C-A675-8409192A7745}.Release|iPhoneSimulator.Build.0 = Release|Any CPU
		{10EA7018-4CE8-4941-A009-50F2B900BA74}.Debug|Any CPU.ActiveCfg = Debug|Any CPU
		{10EA7018-4CE8-4941-A009-50F2B900BA74}.Debug|Any CPU.Build.0 = Debug|Any CPU
		{10EA7018-4CE8-4941-A009-50F2B900BA74}.Debug|iPhone.ActiveCfg = Debug|Any CPU
		{10EA7018-4CE8-4941-A009-50F2B900BA74}.Debug|iPhone.Build.0 = Debug|Any CPU
		{10EA7018-4CE8-4941-A009-50F2B900BA74}.Debug|iPhoneSimulator.ActiveCfg = Debug|Any CPU
		{10EA7018-4CE8-4941-A009-50F2B900BA74}.Debug|iPhoneSimulator.Build.0 = Debug|Any CPU
		{10EA7018-4CE8-4941-A009-50F2B900BA74}.Release|Any CPU.ActiveCfg = Release|Any CPU
		{10EA7018-4CE8-4941-A009-50F2B900BA74}.Release|Any CPU.Build.0 = Release|Any CPU
		{10EA7018-4CE8-4941-A009-50F2B900BA74}.Release|iPhone.ActiveCfg = Release|Any CPU
		{10EA7018-4CE8-4941-A009-50F2B900BA74}.Release|iPhone.Build.0 = Release|Any CPU
		{10EA7018-4CE8-4941-A009-50F2B900BA74}.Release|iPhoneSimulator.ActiveCfg = Release|Any CPU
		{10EA7018-4CE8-4941-A009-50F2B900BA74}.Release|iPhoneSimulator.Build.0 = Release|Any CPU
		{EADB0E7A-FDC2-4595-B642-8C669C42B283}.Debug|Any CPU.ActiveCfg = Debug|Any CPU
		{EADB0E7A-FDC2-4595-B642-8C669C42B283}.Debug|Any CPU.Build.0 = Debug|Any CPU
		{EADB0E7A-FDC2-4595-B642-8C669C42B283}.Debug|iPhone.ActiveCfg = Debug|Any CPU
		{EADB0E7A-FDC2-4595-B642-8C669C42B283}.Debug|iPhone.Build.0 = Debug|Any CPU
		{EADB0E7A-FDC2-4595-B642-8C669C42B283}.Debug|iPhoneSimulator.ActiveCfg = Debug|Any CPU
		{EADB0E7A-FDC2-4595-B642-8C669C42B283}.Debug|iPhoneSimulator.Build.0 = Debug|Any CPU
		{EADB0E7A-FDC2-4595-B642-8C669C42B283}.Release|Any CPU.ActiveCfg = Release|Any CPU
		{EADB0E7A-FDC2-4595-B642-8C669C42B283}.Release|Any CPU.Build.0 = Release|Any CPU
		{EADB0E7A-FDC2-4595-B642-8C669C42B283}.Release|iPhone.ActiveCfg = Release|Any CPU
		{EADB0E7A-FDC2-4595-B642-8C669C42B283}.Release|iPhone.Build.0 = Release|Any CPU
		{EADB0E7A-FDC2-4595-B642-8C669C42B283}.Release|iPhoneSimulator.ActiveCfg = Release|Any CPU
		{EADB0E7A-FDC2-4595-B642-8C669C42B283}.Release|iPhoneSimulator.Build.0 = Release|Any CPU
		{4E10D541-85F8-40E6-B9FC-97A2BCE0DC27}.Debug|Any CPU.ActiveCfg = Debug|Any CPU
		{4E10D541-85F8-40E6-B9FC-97A2BCE0DC27}.Debug|Any CPU.Build.0 = Debug|Any CPU
		{4E10D541-85F8-40E6-B9FC-97A2BCE0DC27}.Debug|Any CPU.Deploy.0 = Debug|Any CPU
		{4E10D541-85F8-40E6-B9FC-97A2BCE0DC27}.Debug|iPhone.ActiveCfg = Debug|Any CPU
		{4E10D541-85F8-40E6-B9FC-97A2BCE0DC27}.Debug|iPhone.Build.0 = Debug|Any CPU
		{4E10D541-85F8-40E6-B9FC-97A2BCE0DC27}.Debug|iPhone.Deploy.0 = Debug|Any CPU
		{4E10D541-85F8-40E6-B9FC-97A2BCE0DC27}.Debug|iPhoneSimulator.ActiveCfg = Debug|Any CPU
		{4E10D541-85F8-40E6-B9FC-97A2BCE0DC27}.Debug|iPhoneSimulator.Build.0 = Debug|Any CPU
		{4E10D541-85F8-40E6-B9FC-97A2BCE0DC27}.Debug|iPhoneSimulator.Deploy.0 = Debug|Any CPU
		{4E10D541-85F8-40E6-B9FC-97A2BCE0DC27}.Release|Any CPU.ActiveCfg = Release|Any CPU
		{4E10D541-85F8-40E6-B9FC-97A2BCE0DC27}.Release|Any CPU.Build.0 = Release|Any CPU
		{4E10D541-85F8-40E6-B9FC-97A2BCE0DC27}.Release|Any CPU.Deploy.0 = Release|Any CPU
		{4E10D541-85F8-40E6-B9FC-97A2BCE0DC27}.Release|iPhone.ActiveCfg = Release|Any CPU
		{4E10D541-85F8-40E6-B9FC-97A2BCE0DC27}.Release|iPhone.Build.0 = Release|Any CPU
		{4E10D541-85F8-40E6-B9FC-97A2BCE0DC27}.Release|iPhone.Deploy.0 = Release|Any CPU
		{4E10D541-85F8-40E6-B9FC-97A2BCE0DC27}.Release|iPhoneSimulator.ActiveCfg = Release|Any CPU
		{4E10D541-85F8-40E6-B9FC-97A2BCE0DC27}.Release|iPhoneSimulator.Build.0 = Release|Any CPU
		{4E10D541-85F8-40E6-B9FC-97A2BCE0DC27}.Release|iPhoneSimulator.Deploy.0 = Release|Any CPU
		{9C8EB00C-72D2-412D-BF92-E4693E47A51C}.Debug|Any CPU.ActiveCfg = Debug|iPhone
		{9C8EB00C-72D2-412D-BF92-E4693E47A51C}.Debug|iPhone.ActiveCfg = Debug|iPhone
		{9C8EB00C-72D2-412D-BF92-E4693E47A51C}.Debug|iPhone.Build.0 = Debug|iPhone
		{9C8EB00C-72D2-412D-BF92-E4693E47A51C}.Debug|iPhoneSimulator.ActiveCfg = Debug|iPhoneSimulator
		{9C8EB00C-72D2-412D-BF92-E4693E47A51C}.Debug|iPhoneSimulator.Build.0 = Debug|iPhoneSimulator
		{9C8EB00C-72D2-412D-BF92-E4693E47A51C}.Release|Any CPU.ActiveCfg = Release|iPhone
		{9C8EB00C-72D2-412D-BF92-E4693E47A51C}.Release|iPhone.ActiveCfg = Release|iPhone
		{9C8EB00C-72D2-412D-BF92-E4693E47A51C}.Release|iPhone.Build.0 = Release|iPhone
		{9C8EB00C-72D2-412D-BF92-E4693E47A51C}.Release|iPhoneSimulator.ActiveCfg = Release|iPhoneSimulator
		{9C8EB00C-72D2-412D-BF92-E4693E47A51C}.Release|iPhoneSimulator.Build.0 = Release|iPhoneSimulator
		{D1B5DA26-5236-4938-9396-9D8AC6DE5DA1}.Debug|Any CPU.ActiveCfg = Debug|Any CPU
		{D1B5DA26-5236-4938-9396-9D8AC6DE5DA1}.Debug|Any CPU.Build.0 = Debug|Any CPU
		{D1B5DA26-5236-4938-9396-9D8AC6DE5DA1}.Debug|iPhone.ActiveCfg = Debug|Any CPU
		{D1B5DA26-5236-4938-9396-9D8AC6DE5DA1}.Debug|iPhone.Build.0 = Debug|Any CPU
		{D1B5DA26-5236-4938-9396-9D8AC6DE5DA1}.Debug|iPhoneSimulator.ActiveCfg = Debug|Any CPU
		{D1B5DA26-5236-4938-9396-9D8AC6DE5DA1}.Debug|iPhoneSimulator.Build.0 = Debug|Any CPU
		{D1B5DA26-5236-4938-9396-9D8AC6DE5DA1}.Release|Any CPU.ActiveCfg = Release|Any CPU
		{D1B5DA26-5236-4938-9396-9D8AC6DE5DA1}.Release|Any CPU.Build.0 = Release|Any CPU
		{D1B5DA26-5236-4938-9396-9D8AC6DE5DA1}.Release|iPhone.ActiveCfg = Release|Any CPU
		{D1B5DA26-5236-4938-9396-9D8AC6DE5DA1}.Release|iPhone.Build.0 = Release|Any CPU
		{D1B5DA26-5236-4938-9396-9D8AC6DE5DA1}.Release|iPhoneSimulator.ActiveCfg = Release|Any CPU
		{D1B5DA26-5236-4938-9396-9D8AC6DE5DA1}.Release|iPhoneSimulator.Build.0 = Release|Any CPU
	EndGlobalSection
	GlobalSection(SolutionProperties) = preSolution
		HideSolutionNode = FALSE
	EndGlobalSection
	GlobalSection(ExtensibilityGlobals) = postSolution
		SolutionGuid = {9BAB87A2-9D76-447D-A7AE-FEF582A79D62}
	EndGlobalSection
EndGlobal
